
Microsoft Visual Studio Solution File, Format Version 12.00
# Visual Studio 15
VisualStudioVersion = 15.0.27703.2035
MinimumVisualStudioVersion = 10.0.40219.1
Project("{FAE04EC0-301F-11D3-BF4B-00C04F79EFBC}") = "Raylib-cs", "Raylib-cs\Raylib-cs.csproj", "{B02C431E-271A-432E-BA5C-EE3B68DBF585}"
EndProject
Project("{9A19103F-16F7-4668-BE54-9A1E7A4F7556}") = "Tests", "Tests\Tests.csproj", "{523DEE6A-20CD-47AB-94A6-8D3C3CF9ADAD}"
EndProject
Global
	GlobalSection(SolutionConfigurationPlatforms) = preSolution
		Debug|Any CPU = Debug|Any CPU
		Debug|x64 = Debug|x64
		Debug|x86 = Debug|x86
		Release|Any CPU = Release|Any CPU
		Release|x64 = Release|x64
		Release|x86 = Release|x86
	EndGlobalSection
	GlobalSection(ProjectConfigurationPlatforms) = postSolution
		{5B690E7B-6D8C-4AA8-92AE-A3BF0750B573}.Debug|Any CPU.ActiveCfg = Debug|Any CPU
		{5B690E7B-6D8C-4AA8-92AE-A3BF0750B573}.Debug|Any CPU.Build.0 = Debug|Any CPU
		{5B690E7B-6D8C-4AA8-92AE-A3BF0750B573}.Debug|x64.ActiveCfg = Debug|Any CPU
		{5B690E7B-6D8C-4AA8-92AE-A3BF0750B573}.Debug|x64.Build.0 = Debug|Any CPU
		{5B690E7B-6D8C-4AA8-92AE-A3BF0750B573}.Debug|x86.ActiveCfg = Debug|Any CPU
		{5B690E7B-6D8C-4AA8-92AE-A3BF0750B573}.Debug|x86.Build.0 = Debug|Any CPU
		{5B690E7B-6D8C-4AA8-92AE-A3BF0750B573}.Release|Any CPU.ActiveCfg = Release|Any CPU
		{5B690E7B-6D8C-4AA8-92AE-A3BF0750B573}.Release|Any CPU.Build.0 = Release|Any CPU
		{5B690E7B-6D8C-4AA8-92AE-A3BF0750B573}.Release|x64.ActiveCfg = Release|Any CPU
		{5B690E7B-6D8C-4AA8-92AE-A3BF0750B573}.Release|x64.Build.0 = Release|Any CPU
		{5B690E7B-6D8C-4AA8-92AE-A3BF0750B573}.Release|x86.ActiveCfg = Release|Any CPU
		{5B690E7B-6D8C-4AA8-92AE-A3BF0750B573}.Release|x86.Build.0 = Release|Any CPU
		{5A7FD12F-FCF7-4F2B-8D44-3888BF4C4166}.Debug|Any CPU.ActiveCfg = Debug|x64
		{5A7FD12F-FCF7-4F2B-8D44-3888BF4C4166}.Debug|Any CPU.Build.0 = Debug|x64
		{5A7FD12F-FCF7-4F2B-8D44-3888BF4C4166}.Debug|x64.ActiveCfg = Debug|x64
		{5A7FD12F-FCF7-4F2B-8D44-3888BF4C4166}.Debug|x64.Build.0 = Debug|x64
		{5A7FD12F-FCF7-4F2B-8D44-3888BF4C4166}.Debug|x86.ActiveCfg = Debug|x64
		{5A7FD12F-FCF7-4F2B-8D44-3888BF4C4166}.Debug|x86.Build.0 = Debug|x64
		{5A7FD12F-FCF7-4F2B-8D44-3888BF4C4166}.Release|Any CPU.ActiveCfg = Release|x64
		{5A7FD12F-FCF7-4F2B-8D44-3888BF4C4166}.Release|Any CPU.Build.0 = Release|x64
		{5A7FD12F-FCF7-4F2B-8D44-3888BF4C4166}.Release|x64.ActiveCfg = Release|x64
		{5A7FD12F-FCF7-4F2B-8D44-3888BF4C4166}.Release|x64.Build.0 = Release|x64
		{5A7FD12F-FCF7-4F2B-8D44-3888BF4C4166}.Release|x86.ActiveCfg = Release|x64
		{5A7FD12F-FCF7-4F2B-8D44-3888BF4C4166}.Release|x86.Build.0 = Release|x64
	EndGlobalSection
	GlobalSection(SolutionProperties) = preSolution
		HideSolutionNode = FALSE
	EndGlobalSection
	GlobalSection(ExtensibilityGlobals) = postSolution
		SolutionGuid = {78DCF9A2-1328-489A-8B03-F0BFB29EC58F}
	EndGlobalSection
EndGlobal
